{
    "_readme": [
        "This file locks the dependencies of your project to a known state",
        "Read more about it at https://getcomposer.org/doc/01-basic-usage.md#installing-dependencies",
        "This file is @generated automatically"
    ],
    "content-hash": "9bdafe59d9fda9938f2ce48b86dbb020",
    "packages": [
        {
            "name": "braghim-sistemas/suitup-php",
            "version": "dev-master",
            "source": {
                "type": "git",
                "url": "https://github.com/braghimsistemas/suitup-php.git",
                "reference": "3107592d860ee60365c38cc753f86584636ab018"
            },
            "dist": {
                "type": "zip",
                "url": "https://api.github.com/repos/braghimsistemas/suitup-php/zipball/3107592d860ee60365c38cc753f86584636ab018",
                "reference": "3107592d860ee60365c38cc753f86584636ab018",
                "shasum": ""
            },
            "require": {
                "matthiasmullie/minify": "^1",
                "php": ">=5.5",
                "zendframework/zend-uri": "^2",
                "zendframework/zend-validator": "^2"
            },
            "require-dev": {
                "phpunit/phpunit": "^4.8",
                "satooshi/php-coveralls": "^v2.0.0"
            },
            "suggest": {
                "phpmailer/phpmailer": "Not implemented in framework itself, but helps a lot and it's very simple.",
                "verot/class.upload.php": "If you need to manage files uploads"
            },
            "type": "library",
            "autoload": {
                "classmap": [
                    "./src/SuitUpStart.php"
                ]
            },
            "notification-url": "https://packagist.org/downloads/",
            "license": [
                "MIT"
            ],
            "authors": [
                {
                    "name": "Braghim Sistemas",
                    "email": "braghim.sistemas@gmail.com"
                }
            ],
            "description": "Framework PHP web simples para aplicativos incríveis",
            "homepage": "https://braghimsistemas.github.io/suitup-php/",
            "keywords": [
                "Suit up",
                "aplicativo-web-simples",
                "app",
                "braghim",
                "braghim-sistemas",
                "framework",
                "simple-web-system",
                "webapp"
            ],
            "time": "2019-01-31T18:45:24+00:00"
        },
        {
            "name": "container-interop/container-interop",
            "version": "1.2.0",
            "source": {
                "type": "git",
                "url": "https://github.com/container-interop/container-interop.git",
                "reference": "79cbf1341c22ec75643d841642dd5d6acd83bdb8"
            },
            "dist": {
                "type": "zip",
                "url": "https://api.github.com/repos/container-interop/container-interop/zipball/79cbf1341c22ec75643d841642dd5d6acd83bdb8",
                "reference": "79cbf1341c22ec75643d841642dd5d6acd83bdb8",
                "shasum": ""
            },
            "require": {
                "psr/container": "^1.0"
            },
            "type": "library",
            "autoload": {
                "psr-4": {
                    "Interop\\Container\\": "src/Interop/Container/"
                }
            },
            "notification-url": "https://packagist.org/downloads/",
            "license": [
                "MIT"
            ],
            "description": "Promoting the interoperability of container objects (DIC, SL, etc.)",
            "homepage": "https://github.com/container-interop/container-interop",
            "time": "2017-02-14T19:40:03+00:00"
        },
        {
            "name": "matthiasmullie/minify",
            "version": "1.3.61",
            "source": {
                "type": "git",
                "url": "https://github.com/matthiasmullie/minify.git",
                "reference": "d5acb8ce5b6acb7d11bafe97cecc533f6e4fd751"
            },
            "dist": {
                "type": "zip",
                "url": "https://api.github.com/repos/matthiasmullie/minify/zipball/d5acb8ce5b6acb7d11bafe97cecc533f6e4fd751",
                "reference": "d5acb8ce5b6acb7d11bafe97cecc533f6e4fd751",
                "shasum": ""
            },
            "require": {
                "ext-pcre": "*",
                "matthiasmullie/path-converter": "~1.1",
                "php": ">=5.3.0"
            },
            "require-dev": {
                "friendsofphp/php-cs-fixer": "~2.0",
                "matthiasmullie/scrapbook": "~1.0",
                "phpunit/phpunit": "~4.8"
            },
            "suggest": {
                "psr/cache-implementation": "Cache implementation to use with Minify::cache"
            },
            "bin": [
                "bin/minifycss",
                "bin/minifyjs"
            ],
            "type": "library",
            "autoload": {
                "psr-4": {
                    "MatthiasMullie\\Minify\\": "src/"
                }
            },
            "notification-url": "https://packagist.org/downloads/",
            "license": [
                "MIT"
            ],
            "authors": [
                {
                    "name": "Matthias Mullie",
                    "email": "minify@mullie.eu",
                    "homepage": "http://www.mullie.eu",
                    "role": "Developer"
                }
            ],
            "description": "CSS & JavaScript minifier, in PHP. Removes whitespace, strips comments, combines files (incl. @import statements and small assets in CSS files), and optimizes/shortens a few common programming patterns.",
            "homepage": "http://www.minifier.org",
            "keywords": [
                "JS",
                "css",
                "javascript",
                "minifier",
                "minify"
            ],
            "time": "2018-11-26T23:10:39+00:00"
        },
        {
            "name": "matthiasmullie/path-converter",
            "version": "1.1.2",
            "source": {
                "type": "git",
                "url": "https://github.com/matthiasmullie/path-converter.git",
                "reference": "5e4b121c8b9f97c80835c1d878b0812ba1d607c9"
            },
            "dist": {
                "type": "zip",
                "url": "https://api.github.com/repos/matthiasmullie/path-converter/zipball/5e4b121c8b9f97c80835c1d878b0812ba1d607c9",
                "reference": "5e4b121c8b9f97c80835c1d878b0812ba1d607c9",
                "shasum": ""
            },
            "require": {
                "ext-pcre": "*",
                "php": ">=5.3.0"
            },
            "require-dev": {
                "phpunit/phpunit": "~4.8"
            },
            "type": "library",
            "autoload": {
                "psr-4": {
                    "MatthiasMullie\\PathConverter\\": "src/"
                }
            },
            "notification-url": "https://packagist.org/downloads/",
            "license": [
                "MIT"
            ],
            "authors": [
                {
                    "name": "Matthias Mullie",
                    "email": "pathconverter@mullie.eu",
                    "homepage": "http://www.mullie.eu",
                    "role": "Developer"
                }
            ],
            "description": "Relative path converter",
            "homepage": "http://github.com/matthiasmullie/path-converter",
            "keywords": [
                "converter",
                "path",
                "paths",
                "relative"
            ],
            "time": "2018-10-25T15:19:41+00:00"
        },
        {
            "name": "psr/container",
            "version": "dev-master",
            "source": {
                "type": "git",
                "url": "https://github.com/php-fig/container.git",
                "reference": "014d250daebff39eba15ba990eeb2a140798e77c"
            },
            "dist": {
                "type": "zip",
                "url": "https://api.github.com/repos/php-fig/container/zipball/014d250daebff39eba15ba990eeb2a140798e77c",
                "reference": "014d250daebff39eba15ba990eeb2a140798e77c",
                "shasum": ""
            },
            "require": {
                "php": ">=5.3.0"
            },
            "type": "library",
            "extra": {
                "branch-alias": {
                    "dev-master": "1.0.x-dev"
                }
            },
            "autoload": {
                "psr-4": {
                    "Psr\\Container\\": "src/"
                }
            },
            "notification-url": "https://packagist.org/downloads/",
            "license": [
                "MIT"
            ],
            "authors": [
                {
                    "name": "PHP-FIG",
                    "homepage": "http://www.php-fig.org/"
                }
            ],
            "description": "Common Container Interface (PHP FIG PSR-11)",
            "homepage": "https://github.com/php-fig/container",
            "keywords": [
                "PSR-11",
                "container",
                "container-interface",
                "container-interop",
                "psr"
            ],
            "time": "2018-12-29T15:36:03+00:00"
        },
        {
            "name": "zendframework/zend-escaper",
            "version": "dev-develop",
            "source": {
                "type": "git",
                "url": "https://github.com/zendframework/zend-escaper.git",
                "reference": "c9e7e54dac46175e93cd08111dc5963bfb9f2f7e"
            },
            "dist": {
                "type": "zip",
                "url": "https://api.github.com/repos/zendframework/zend-escaper/zipball/c9e7e54dac46175e93cd08111dc5963bfb9f2f7e",
                "reference": "c9e7e54dac46175e93cd08111dc5963bfb9f2f7e",
                "shasum": ""
            },
            "require": {
                "php": "^5.6 || ^7.0"
            },
            "require-dev": {
                "phpunit/phpunit": "^5.7.27 || ^6.5.8 || ^7.1.2",
                "zendframework/zend-coding-standard": "~1.0.0"
            },
            "type": "library",
            "extra": {
                "branch-alias": {
                    "dev-master": "2.6.x-dev",
                    "dev-develop": "2.7.x-dev"
                }
            },
            "autoload": {
                "psr-4": {
                    "Zend\\Escaper\\": "src/"
                }
            },
            "notification-url": "https://packagist.org/downloads/",
            "license": [
                "BSD-3-Clause"
            ],
            "description": "Securely and safely escape HTML, HTML attributes, JavaScript, CSS, and URLs",
            "keywords": [
                "ZendFramework",
                "escaper",
                "zf"
            ],
            "time": "2018-04-25T15:50:09+00:00"
        },
        {
            "name": "zendframework/zend-stdlib",
            "version": "dev-develop",
            "source": {
                "type": "git",
                "url": "https://github.com/zendframework/zend-stdlib.git",
                "reference": "89a6fb821c11ba790ea2e123559ba1432596be39"
            },
            "dist": {
                "type": "zip",
                "url": "https://api.github.com/repos/zendframework/zend-stdlib/zipball/89a6fb821c11ba790ea2e123559ba1432596be39",
                "reference": "89a6fb821c11ba790ea2e123559ba1432596be39",
                "shasum": ""
            },
            "require": {
                "php": "^5.6 || ^7.0"
            },
            "require-dev": {
                "phpbench/phpbench": "^0.13",
                "phpunit/phpunit": "^5.7.27 || ^6.5.8 || ^7.1.2",
                "zendframework/zend-coding-standard": "~1.0.0"
            },
            "type": "library",
            "extra": {
                "branch-alias": {
                    "dev-master": "3.2.x-dev",
                    "dev-develop": "3.3.x-dev"
                }
            },
            "autoload": {
                "psr-4": {
                    "Zend\\Stdlib\\": "src/"
                }
            },
            "notification-url": "https://packagist.org/downloads/",
            "license": [
                "BSD-3-Clause"
            ],
            "description": "SPL extensions, array utilities, error handlers, and more",
            "keywords": [
                "ZendFramework",
                "stdlib",
                "zf"
            ],
            "time": "2018-08-29T10:55:46+00:00"
        },
        {
            "name": "zendframework/zend-uri",
            "version": "dev-develop",
            "source": {
                "type": "git",
                "url": "https://github.com/zendframework/zend-uri.git",
                "reference": "998ea438cc66efaa298c9527ff06895e56187737"
            },
            "dist": {
                "type": "zip",
                "url": "https://api.github.com/repos/zendframework/zend-uri/zipball/998ea438cc66efaa298c9527ff06895e56187737",
                "reference": "998ea438cc66efaa298c9527ff06895e56187737",
                "shasum": ""
            },
            "require": {
                "php": "^5.6 || ^7.0",
                "zendframework/zend-escaper": "^2.5",
                "zendframework/zend-validator": "^2.10"
            },
            "require-dev": {
                "phpunit/phpunit": "^5.7.27 || ^6.5.8 || ^7.1.4",
                "zendframework/zend-coding-standard": "~1.0.0"
            },
            "type": "library",
            "extra": {
                "branch-alias": {
                    "dev-master": "2.6.x-dev",
                    "dev-develop": "2.7.x-dev"
                }
            },
            "autoload": {
                "psr-4": {
                    "Zend\\Uri\\": "src/"
                }
            },
            "notification-url": "https://packagist.org/downloads/",
            "license": [
                "BSD-3-Clause"
            ],
            "description": "A component that aids in manipulating and validating » Uniform Resource Identifiers (URIs)",
            "keywords": [
                "ZendFramework",
                "uri",
                "zf"
            ],
            "time": "2018-04-30T13:42:19+00:00"
        },
        {
            "name": "zendframework/zend-validator",
            "version": "dev-develop",
            "source": {
                "type": "git",
                "url": "https://github.com/zendframework/zend-validator.git",
                "reference": "85554f135963fcaf4dd2dda08c5e1da0cf54dac6"
            },
            "dist": {
                "type": "zip",
                "url": "https://api.github.com/repos/zendframework/zend-validator/zipball/85554f135963fcaf4dd2dda08c5e1da0cf54dac6",
                "reference": "85554f135963fcaf4dd2dda08c5e1da0cf54dac6",
                "shasum": ""
            },
            "require": {
                "container-interop/container-interop": "^1.1",
                "php": "^5.6 || ^7.0",
                "zendframework/zend-stdlib": "^3.2.1"
            },
            "require-dev": {
                "phpunit/phpunit": "^6.0.8 || ^5.7.15",
                "psr/http-message": "^1.0",
                "zendframework/zend-cache": "^2.6.1",
                "zendframework/zend-coding-standard": "~1.0.0",
                "zendframework/zend-config": "^2.6",
                "zendframework/zend-db": "^2.7",
                "zendframework/zend-filter": "^2.6",
                "zendframework/zend-http": "^2.5.4",
                "zendframework/zend-i18n": "^2.6",
                "zendframework/zend-math": "^2.6",
                "zendframework/zend-servicemanager": "^2.7.5 || ^3.0.3",
                "zendframework/zend-session": "^2.8",
                "zendframework/zend-uri": "^2.5"
            },
            "suggest": {
                "psr/http-message": "psr/http-message, required when validating PSR-7 UploadedFileInterface instances via the Upload and UploadFile validators",
                "zendframework/zend-db": "Zend\\Db component, required by the (No)RecordExists validator",
                "zendframework/zend-filter": "Zend\\Filter component, required by the Digits validator",
                "zendframework/zend-i18n": "Zend\\I18n component to allow translation of validation error messages",
                "zendframework/zend-i18n-resources": "Translations of validator messages",
                "zendframework/zend-math": "Zend\\Math component, required by the Csrf validator",
                "zendframework/zend-servicemanager": "Zend\\ServiceManager component to allow using the ValidatorPluginManager and validator chains",
                "zendframework/zend-session": "Zend\\Session component, ^2.8; required by the Csrf validator",
                "zendframework/zend-uri": "Zend\\Uri component, required by the Uri and Sitemap\\Loc validators"
            },
            "type": "library",
            "extra": {
                "branch-alias": {
                    "dev-master": "2.12.x-dev",
                    "dev-develop": "2.13.x-dev"
                },
                "zf": {
                    "component": "Zend\\Validator",
                    "config-provider": "Zend\\Validator\\ConfigProvider"
                }
            },
            "autoload": {
                "psr-4": {
                    "Zend\\Validator\\": "src/"
                }
            },
            "notification-url": "https://packagist.org/downloads/",
            "license": [
                "BSD-3-Clause"
            ],
            "description": "provides a set of commonly needed validators",
            "homepage": "https://github.com/zendframework/zend-validator",
            "keywords": [
                "validator",
                "zf2"
            ],
            "time": "2019-01-30T14:27:30+00:00"
        }
    ],
    "packages-dev": [],
    "aliases": [],
    "minimum-stability": "dev",
    "stability-flags": {
        "braghim-sistemas/suitup-php": 20
    },
    "prefer-stable": false,
    "prefer-lowest": false,
    "platform": [],
    "platform-dev": []
}
